// !$*UTF8*$!
{
	archiveVersion = 1;
	classes = {
	};
	objectVersion = 50;
	objects = {

/* Begin PBXBuildFile section */
		7C31F51665FD553DAEEB36DD /* Pods_RecipeSearch.framework in Frameworks */ = {isa = PBXBuildFile; fileRef = AF6EC6714612959CBD8A4396 /* Pods_RecipeSearch.framework */; };
		961D30D22843FB58002C10CC /* RecipeSearchPresenterTests.swift in Sources */ = {isa = PBXBuildFile; fileRef = 961D30D12843FB58002C10CC /* RecipeSearchPresenterTests.swift */; };
		961D30DC2843FBF4002C10CC /* SearchHistoryInteractorTests.swift in Sources */ = {isa = PBXBuildFile; fileRef = 961D30DB2843FBF4002C10CC /* SearchHistoryInteractorTests.swift */; };
		964BE07628416ED3007867B4 /* String + Extension.swift in Sources */ = {isa = PBXBuildFile; fileRef = 964BE07528416ED3007867B4 /* String + Extension.swift */; };
		964F3237283FF60900620120 /* RecipeTableViewCell.swift in Sources */ = {isa = PBXBuildFile; fileRef = 964F3235283FF60800620120 /* RecipeTableViewCell.swift */; };
		964F3238283FF60900620120 /* RecipeTableViewCell.xib in Resources */ = {isa = PBXBuildFile; fileRef = 964F3236283FF60800620120 /* RecipeTableViewCell.xib */; };
		964F323C283FF64000620120 /* FilterCollectionViewCell.swift in Sources */ = {isa = PBXBuildFile; fileRef = 964F323A283FF64000620120 /* FilterCollectionViewCell.swift */; };
		964F323D283FF64000620120 /* FilterCollectionViewCell.xib in Resources */ = {isa = PBXBuildFile; fileRef = 964F323B283FF64000620120 /* FilterCollectionViewCell.xib */; };
		964F3241283FFAB800620120 /* RecipeSearchViewController + FilterCollectionView.swift in Sources */ = {isa = PBXBuildFile; fileRef = 964F3240283FFAB800620120 /* RecipeSearchViewController + FilterCollectionView.swift */; };
		964F3244283FFC9800620120 /* RecipeSearchInteractor.swift in Sources */ = {isa = PBXBuildFile; fileRef = 964F3243283FFC9800620120 /* RecipeSearchInteractor.swift */; };
		964F3247283FFCB300620120 /* RecipeSearchPresenter.swift in Sources */ = {isa = PBXBuildFile; fileRef = 964F3246283FFCB300620120 /* RecipeSearchPresenter.swift */; };
		964F324A283FFCEF00620120 /* RecipeSearchRouter.swift in Sources */ = {isa = PBXBuildFile; fileRef = 964F3249283FFCEF00620120 /* RecipeSearchRouter.swift */; };
		9657F59E284258C500844C67 /* SearchHistoryDelegate.swift in Sources */ = {isa = PBXBuildFile; fileRef = 9657F59D284258C500844C67 /* SearchHistoryDelegate.swift */; };
		9658E578283FD4CB0028E15C /* AppDelegate.swift in Sources */ = {isa = PBXBuildFile; fileRef = 9658E577283FD4CB0028E15C /* AppDelegate.swift */; };
		9658E57A283FD4CB0028E15C /* SceneDelegate.swift in Sources */ = {isa = PBXBuildFile; fileRef = 9658E579283FD4CB0028E15C /* SceneDelegate.swift */; };
		9658E57C283FD4CB0028E15C /* RecipeSearchViewController.swift in Sources */ = {isa = PBXBuildFile; fileRef = 9658E57B283FD4CB0028E15C /* RecipeSearchViewController.swift */; };
		9658E57F283FD4CB0028E15C /* RecipeSearchStoryboard.storyboard in Resources */ = {isa = PBXBuildFile; fileRef = 9658E57D283FD4CB0028E15C /* RecipeSearchStoryboard.storyboard */; };
		9658E581283FD4CD0028E15C /* Assets.xcassets in Resources */ = {isa = PBXBuildFile; fileRef = 9658E580283FD4CD0028E15C /* Assets.xcassets */; };
		9658E584283FD4CD0028E15C /* LaunchScreen.storyboard in Resources */ = {isa = PBXBuildFile; fileRef = 9658E582283FD4CD0028E15C /* LaunchScreen.storyboard */; };
		965AD2C12844EBB6009869CB /* RecipeSearchUITests.swift in Sources */ = {isa = PBXBuildFile; fileRef = 965AD2C02844EBB6009869CB /* RecipeSearchUITests.swift */; };
		965EDE63284008D800D33405 /* UIViewController+Extension.swift in Sources */ = {isa = PBXBuildFile; fileRef = 965EDE62284008D800D33405 /* UIViewController+Extension.swift */; };
		966CC635284261DF00B2A662 /* RecipeDetailsProtocol.swift in Sources */ = {isa = PBXBuildFile; fileRef = 966CC634284261DF00B2A662 /* RecipeDetailsProtocol.swift */; };
		966CC63B284262BA00B2A662 /* RecipeDetailsPresenter.swift in Sources */ = {isa = PBXBuildFile; fileRef = 966CC63A284262BA00B2A662 /* RecipeDetailsPresenter.swift */; };
		966CC63E2842630500B2A662 /* RecipeDetailsRouter.swift in Sources */ = {isa = PBXBuildFile; fileRef = 966CC63D2842630500B2A662 /* RecipeDetailsRouter.swift */; };
		966CC6412842633700B2A662 /* RecipeDetailsStoryboard.storyboard in Resources */ = {isa = PBXBuildFile; fileRef = 966CC6402842633700B2A662 /* RecipeDetailsStoryboard.storyboard */; };
		966CC6442842635D00B2A662 /* RecipeDetailsViewController.swift in Sources */ = {isa = PBXBuildFile; fileRef = 966CC6432842635D00B2A662 /* RecipeDetailsViewController.swift */; };
		968C60CA283FE1D90055B426 /* Recipe.swift in Sources */ = {isa = PBXBuildFile; fileRef = 968C60C9283FE1D90055B426 /* Recipe.swift */; };
		968C60D1283FE4270055B426 /* RecipeSearchProtocols.swift in Sources */ = {isa = PBXBuildFile; fileRef = 968C60D0283FE4270055B426 /* RecipeSearchProtocols.swift */; };
		96C1E08B28429BCC00166414 /* RecipeDetailsViewController + RecipeIngredientsTableView.swift in Sources */ = {isa = PBXBuildFile; fileRef = 96C1E08A28429BCC00166414 /* RecipeDetailsViewController + RecipeIngredientsTableView.swift */; };
		96C414A4284030350073BB8F /* RecipeSearchViewController + RecipesTableView.swift in Sources */ = {isa = PBXBuildFile; fileRef = 96C414A3284030350073BB8F /* RecipeSearchViewController + RecipesTableView.swift */; };
		96C414A9284035010073BB8F /* NetworkService.swift in Sources */ = {isa = PBXBuildFile; fileRef = 96C414A8284035010073BB8F /* NetworkService.swift */; };
		96C414AE284047610073BB8F /* RecipeSearchViewController + SearchControllerDelegates.swift in Sources */ = {isa = PBXBuildFile; fileRef = 96C414AD284047610073BB8F /* RecipeSearchViewController + SearchControllerDelegates.swift */; };
		96C414B82840490A0073BB8F /* SearchHistoryProtocols.swift in Sources */ = {isa = PBXBuildFile; fileRef = 96C414B72840490A0073BB8F /* SearchHistoryProtocols.swift */; };
		96C414BD28404B360073BB8F /* SearchHistoryStoryboard.storyboard in Resources */ = {isa = PBXBuildFile; fileRef = 96C414BC28404B360073BB8F /* SearchHistoryStoryboard.storyboard */; };
		96C414C228404B7F0073BB8F /* SearchHistoryTableViewCell.swift in Sources */ = {isa = PBXBuildFile; fileRef = 96C414C028404B7F0073BB8F /* SearchHistoryTableViewCell.swift */; };
		96C414C328404B7F0073BB8F /* SearchHistoryTableViewCell.xib in Resources */ = {isa = PBXBuildFile; fileRef = 96C414C128404B7F0073BB8F /* SearchHistoryTableViewCell.xib */; };
		96C414C728404BA30073BB8F /* SearchHistoryTableViewController.swift in Sources */ = {isa = PBXBuildFile; fileRef = 96C414C628404BA30073BB8F /* SearchHistoryTableViewController.swift */; };
		96C414CA28404BE40073BB8F /* SearchHistoryInteractor.swift in Sources */ = {isa = PBXBuildFile; fileRef = 96C414C928404BE40073BB8F /* SearchHistoryInteractor.swift */; };
		96C414CD28404BF20073BB8F /* SearchHistoryPresenter.swift in Sources */ = {isa = PBXBuildFile; fileRef = 96C414CC28404BF20073BB8F /* SearchHistoryPresenter.swift */; };
		96C414D028404C010073BB8F /* SearchHistoryRouter.swift in Sources */ = {isa = PBXBuildFile; fileRef = 96C414CF28404C010073BB8F /* SearchHistoryRouter.swift */; };
		96DA77582843C84400DD5B5B /* API.swift in Sources */ = {isa = PBXBuildFile; fileRef = 96DA77572843C84400DD5B5B /* API.swift */; };
		96DA775B2843C84B00DD5B5B /* Constant.swift in Sources */ = {isa = PBXBuildFile; fileRef = 96DA775A2843C84B00DD5B5B /* Constant.swift */; };
		96DA775E2843C85300DD5B5B /* Filter.swift in Sources */ = {isa = PBXBuildFile; fileRef = 96DA775D2843C85300DD5B5B /* Filter.swift */; };
		96E1410E28410BCB00F07D08 /* RecipeSearchWorker.swift in Sources */ = {isa = PBXBuildFile; fileRef = 96E1410D28410BCB00F07D08 /* RecipeSearchWorker.swift */; };
/* End PBXBuildFile section */

/* Begin PBXContainerItemProxy section */
		961D30D42843FB58002C10CC /* PBXContainerItemProxy */ = {
			isa = PBXContainerItemProxy;
			containerPortal = 9658E56C283FD4CB0028E15C /* Project object */;
			proxyType = 1;
			remoteGlobalIDString = 9658E573283FD4CB0028E15C;
			remoteInfo = RecipeSearch;
		};
		965AD2C32844EBB6009869CB /* PBXContainerItemProxy */ = {
			isa = PBXContainerItemProxy;
			containerPortal = 9658E56C283FD4CB0028E15C /* Project object */;
			proxyType = 1;
			remoteGlobalIDString = 9658E573283FD4CB0028E15C;
			remoteInfo = RecipeSearch;
		};
/* End PBXContainerItemProxy section */

/* Begin PBXFileReference section */
		961D30CF2843FB58002C10CC /* RecipeSearchTests.xctest */ = {isa = PBXFileReference; explicitFileType = wrapper.cfbundle; includeInIndex = 0; path = RecipeSearchTests.xctest; sourceTree = BUILT_PRODUCTS_DIR; };
		961D30D12843FB58002C10CC /* RecipeSearchPresenterTests.swift */ = {isa = PBXFileReference; lastKnownFileType = sourcecode.swift; path = RecipeSearchPresenterTests.swift; sourceTree = "<group>"; };
		961D30D32843FB58002C10CC /* Info.plist */ = {isa = PBXFileReference; lastKnownFileType = text.plist.xml; path = Info.plist; sourceTree = "<group>"; };
		961D30DB2843FBF4002C10CC /* SearchHistoryInteractorTests.swift */ = {isa = PBXFileReference; lastKnownFileType = sourcecode.swift; path = SearchHistoryInteractorTests.swift; sourceTree = "<group>"; };
		964BE07528416ED3007867B4 /* String + Extension.swift */ = {isa = PBXFileReference; lastKnownFileType = sourcecode.swift; path = "String + Extension.swift"; sourceTree = "<group>"; };
		964F3235283FF60800620120 /* RecipeTableViewCell.swift */ = {isa = PBXFileReference; lastKnownFileType = sourcecode.swift; path = RecipeTableViewCell.swift; sourceTree = "<group>"; };
		964F3236283FF60800620120 /* RecipeTableViewCell.xib */ = {isa = PBXFileReference; lastKnownFileType = file.xib; path = RecipeTableViewCell.xib; sourceTree = "<group>"; };
		964F323A283FF64000620120 /* FilterCollectionViewCell.swift */ = {isa = PBXFileReference; lastKnownFileType = sourcecode.swift; path = FilterCollectionViewCell.swift; sourceTree = "<group>"; };
		964F323B283FF64000620120 /* FilterCollectionViewCell.xib */ = {isa = PBXFileReference; lastKnownFileType = file.xib; path = FilterCollectionViewCell.xib; sourceTree = "<group>"; };
		964F3240283FFAB800620120 /* RecipeSearchViewController + FilterCollectionView.swift */ = {isa = PBXFileReference; lastKnownFileType = sourcecode.swift; path = "RecipeSearchViewController + FilterCollectionView.swift"; sourceTree = "<group>"; };
		964F3243283FFC9800620120 /* RecipeSearchInteractor.swift */ = {isa = PBXFileReference; lastKnownFileType = sourcecode.swift; path = RecipeSearchInteractor.swift; sourceTree = "<group>"; };
		964F3246283FFCB300620120 /* RecipeSearchPresenter.swift */ = {isa = PBXFileReference; lastKnownFileType = sourcecode.swift; path = RecipeSearchPresenter.swift; sourceTree = "<group>"; };
		964F3249283FFCEF00620120 /* RecipeSearchRouter.swift */ = {isa = PBXFileReference; lastKnownFileType = sourcecode.swift; path = RecipeSearchRouter.swift; sourceTree = "<group>"; };
		9657F59D284258C500844C67 /* SearchHistoryDelegate.swift */ = {isa = PBXFileReference; lastKnownFileType = sourcecode.swift; name = SearchHistoryDelegate.swift; path = RecipeSearch/Extension/SearchHistoryDelegate.swift; sourceTree = SOURCE_ROOT; };
		9658E574283FD4CB0028E15C /* RecipeSearch.app */ = {isa = PBXFileReference; explicitFileType = wrapper.application; includeInIndex = 0; path = RecipeSearch.app; sourceTree = BUILT_PRODUCTS_DIR; };
		9658E577283FD4CB0028E15C /* AppDelegate.swift */ = {isa = PBXFileReference; lastKnownFileType = sourcecode.swift; path = AppDelegate.swift; sourceTree = "<group>"; };
		9658E579283FD4CB0028E15C /* SceneDelegate.swift */ = {isa = PBXFileReference; lastKnownFileType = sourcecode.swift; path = SceneDelegate.swift; sourceTree = "<group>"; };
		9658E57B283FD4CB0028E15C /* RecipeSearchViewController.swift */ = {isa = PBXFileReference; lastKnownFileType = sourcecode.swift; path = RecipeSearchViewController.swift; sourceTree = "<group>"; };
		9658E57E283FD4CB0028E15C /* Base */ = {isa = PBXFileReference; lastKnownFileType = file.storyboard; name = Base; path = Base.lproj/RecipeSearchStoryboard.storyboard; sourceTree = "<group>"; };
		9658E580283FD4CD0028E15C /* Assets.xcassets */ = {isa = PBXFileReference; lastKnownFileType = folder.assetcatalog; path = Assets.xcassets; sourceTree = "<group>"; };
		9658E583283FD4CD0028E15C /* Base */ = {isa = PBXFileReference; lastKnownFileType = file.storyboard; name = Base; path = Base.lproj/LaunchScreen.storyboard; sourceTree = "<group>"; };
		9658E585283FD4CD0028E15C /* Info.plist */ = {isa = PBXFileReference; lastKnownFileType = text.plist.xml; path = Info.plist; sourceTree = "<group>"; };
		965AD2BE2844EBB6009869CB /* RecipeSearchUITests.xctest */ = {isa = PBXFileReference; explicitFileType = wrapper.cfbundle; includeInIndex = 0; path = RecipeSearchUITests.xctest; sourceTree = BUILT_PRODUCTS_DIR; };
		965AD2C02844EBB6009869CB /* RecipeSearchUITests.swift */ = {isa = PBXFileReference; lastKnownFileType = sourcecode.swift; path = RecipeSearchUITests.swift; sourceTree = "<group>"; };
		965AD2C22844EBB6009869CB /* Info.plist */ = {isa = PBXFileReference; lastKnownFileType = text.plist.xml; path = Info.plist; sourceTree = "<group>"; };
		965EDE62284008D800D33405 /* UIViewController+Extension.swift */ = {isa = PBXFileReference; lastKnownFileType = sourcecode.swift; path = "UIViewController+Extension.swift"; sourceTree = "<group>"; };
		966CC634284261DF00B2A662 /* RecipeDetailsProtocol.swift */ = {isa = PBXFileReference; lastKnownFileType = sourcecode.swift; path = RecipeDetailsProtocol.swift; sourceTree = "<group>"; };
		966CC63A284262BA00B2A662 /* RecipeDetailsPresenter.swift */ = {isa = PBXFileReference; lastKnownFileType = sourcecode.swift; path = RecipeDetailsPresenter.swift; sourceTree = "<group>"; };
		966CC63D2842630500B2A662 /* RecipeDetailsRouter.swift */ = {isa = PBXFileReference; lastKnownFileType = sourcecode.swift; path = RecipeDetailsRouter.swift; sourceTree = "<group>"; };
		966CC6402842633700B2A662 /* RecipeDetailsStoryboard.storyboard */ = {isa = PBXFileReference; lastKnownFileType = file.storyboard; path = RecipeDetailsStoryboard.storyboard; sourceTree = "<group>"; };
		966CC6432842635D00B2A662 /* RecipeDetailsViewController.swift */ = {isa = PBXFileReference; lastKnownFileType = sourcecode.swift; path = RecipeDetailsViewController.swift; sourceTree = "<group>"; };
		968C60C9283FE1D90055B426 /* Recipe.swift */ = {isa = PBXFileReference; lastKnownFileType = sourcecode.swift; path = Recipe.swift; sourceTree = "<group>"; };
		968C60D0283FE4270055B426 /* RecipeSearchProtocols.swift */ = {isa = PBXFileReference; lastKnownFileType = sourcecode.swift; path = RecipeSearchProtocols.swift; sourceTree = "<group>"; };
		96C1E08A28429BCC00166414 /* RecipeDetailsViewController + RecipeIngredientsTableView.swift */ = {isa = PBXFileReference; fileEncoding = 4; lastKnownFileType = sourcecode.swift; path = "RecipeDetailsViewController + RecipeIngredientsTableView.swift"; sourceTree = "<group>"; };
		96C414A3284030350073BB8F /* RecipeSearchViewController + RecipesTableView.swift */ = {isa = PBXFileReference; lastKnownFileType = sourcecode.swift; path = "RecipeSearchViewController + RecipesTableView.swift"; sourceTree = "<group>"; };
		96C414A8284035010073BB8F /* NetworkService.swift */ = {isa = PBXFileReference; lastKnownFileType = sourcecode.swift; path = NetworkService.swift; sourceTree = "<group>"; };
		96C414AD284047610073BB8F /* RecipeSearchViewController + SearchControllerDelegates.swift */ = {isa = PBXFileReference; lastKnownFileType = sourcecode.swift; path = "RecipeSearchViewController + SearchControllerDelegates.swift"; sourceTree = "<group>"; };
		96C414B72840490A0073BB8F /* SearchHistoryProtocols.swift */ = {isa = PBXFileReference; lastKnownFileType = sourcecode.swift; path = SearchHistoryProtocols.swift; sourceTree = "<group>"; };
		96C414BC28404B360073BB8F /* SearchHistoryStoryboard.storyboard */ = {isa = PBXFileReference; lastKnownFileType = file.storyboard; path = SearchHistoryStoryboard.storyboard; sourceTree = "<group>"; };
		96C414C028404B7F0073BB8F /* SearchHistoryTableViewCell.swift */ = {isa = PBXFileReference; lastKnownFileType = sourcecode.swift; path = SearchHistoryTableViewCell.swift; sourceTree = "<group>"; };
		96C414C128404B7F0073BB8F /* SearchHistoryTableViewCell.xib */ = {isa = PBXFileReference; lastKnownFileType = file.xib; path = SearchHistoryTableViewCell.xib; sourceTree = "<group>"; };
		96C414C628404BA30073BB8F /* SearchHistoryTableViewController.swift */ = {isa = PBXFileReference; lastKnownFileType = sourcecode.swift; path = SearchHistoryTableViewController.swift; sourceTree = "<group>"; };
		96C414C928404BE40073BB8F /* SearchHistoryInteractor.swift */ = {isa = PBXFileReference; lastKnownFileType = sourcecode.swift; path = SearchHistoryInteractor.swift; sourceTree = "<group>"; };
		96C414CC28404BF20073BB8F /* SearchHistoryPresenter.swift */ = {isa = PBXFileReference; lastKnownFileType = sourcecode.swift; path = SearchHistoryPresenter.swift; sourceTree = "<group>"; };
		96C414CF28404C010073BB8F /* SearchHistoryRouter.swift */ = {isa = PBXFileReference; lastKnownFileType = sourcecode.swift; path = SearchHistoryRouter.swift; sourceTree = "<group>"; };
		96DA77572843C84400DD5B5B /* API.swift */ = {isa = PBXFileReference; fileEncoding = 4; lastKnownFileType = sourcecode.swift; path = API.swift; sourceTree = "<group>"; };
		96DA775A2843C84B00DD5B5B /* Constant.swift */ = {isa = PBXFileReference; fileEncoding = 4; lastKnownFileType = sourcecode.swift; path = Constant.swift; sourceTree = "<group>"; };
		96DA775D2843C85300DD5B5B /* Filter.swift */ = {isa = PBXFileReference; fileEncoding = 4; lastKnownFileType = sourcecode.swift; path = Filter.swift; sourceTree = "<group>"; };
		96E1410D28410BCB00F07D08 /* RecipeSearchWorker.swift */ = {isa = PBXFileReference; lastKnownFileType = sourcecode.swift; path = RecipeSearchWorker.swift; sourceTree = "<group>"; };
		AF6EC6714612959CBD8A4396 /* Pods_RecipeSearch.framework */ = {isa = PBXFileReference; explicitFileType = wrapper.framework; includeInIndex = 0; path = Pods_RecipeSearch.framework; sourceTree = BUILT_PRODUCTS_DIR; };
		BC8916F7B9E8D67C6309A8E0 /* Pods-RecipeSearch.release.xcconfig */ = {isa = PBXFileReference; includeInIndex = 1; lastKnownFileType = text.xcconfig; name = "Pods-RecipeSearch.release.xcconfig"; path = "Pods/Target Support Files/Pods-RecipeSearch/Pods-RecipeSearch.release.xcconfig"; sourceTree = "<group>"; };
		C5D0D1D725DB56B35BB684AB /* Pods-RecipeSearch.debug.xcconfig */ = {isa = PBXFileReference; includeInIndex = 1; lastKnownFileType = text.xcconfig; name = "Pods-RecipeSearch.debug.xcconfig"; path = "Pods/Target Support Files/Pods-RecipeSearch/Pods-RecipeSearch.debug.xcconfig"; sourceTree = "<group>"; };
/* End PBXFileReference section */

/* Begin PBXFrameworksBuildPhase section */
		961D30CC2843FB58002C10CC /* Frameworks */ = {
			isa = PBXFrameworksBuildPhase;
			buildActionMask = 2147483647;
			files = (
			);
			runOnlyForDeploymentPostprocessing = 0;
		};
		9658E571283FD4CB0028E15C /* Frameworks */ = {
			isa = PBXFrameworksBuildPhase;
			buildActionMask = 2147483647;
			files = (
				7C31F51665FD553DAEEB36DD /* Pods_RecipeSearch.framework in Frameworks */,
			);
			runOnlyForDeploymentPostprocessing = 0;
		};
		965AD2BB2844EBB6009869CB /* Frameworks */ = {
			isa = PBXFrameworksBuildPhase;
			buildActionMask = 2147483647;
			files = (
			);
			runOnlyForDeploymentPostprocessing = 0;
		};
/* End PBXFrameworksBuildPhase section */

/* Begin PBXGroup section */
		05F463120B8B2E5EF067B29F /* Pods */ = {
			isa = PBXGroup;
			children = (
				C5D0D1D725DB56B35BB684AB /* Pods-RecipeSearch.debug.xcconfig */,
				BC8916F7B9E8D67C6309A8E0 /* Pods-RecipeSearch.release.xcconfig */,
			);
			name = Pods;
			sourceTree = "<group>";
		};
		87F471A2027DAEBA7C96E8EE /* Frameworks */ = {
			isa = PBXGroup;
			children = (
				AF6EC6714612959CBD8A4396 /* Pods_RecipeSearch.framework */,
			);
			name = Frameworks;
			sourceTree = "<group>";
		};
		961D30D02843FB58002C10CC /* RecipeSearchTests */ = {
			isa = PBXGroup;
			children = (
				961D30DB2843FBF4002C10CC /* SearchHistoryInteractorTests.swift */,
				961D30D12843FB58002C10CC /* RecipeSearchPresenterTests.swift */,
				961D30D32843FB58002C10CC /* Info.plist */,
			);
			path = RecipeSearchTests;
			sourceTree = "<group>";
		};
		964F322C283FF53100620120 /* Filter */ = {
			isa = PBXGroup;
			children = (
				964F323A283FF64000620120 /* FilterCollectionViewCell.swift */,
				964F323B283FF64000620120 /* FilterCollectionViewCell.xib */,
			);
			name = Filter;
			sourceTree = "<group>";
		};
		964F322D283FF55B00620120 /* Cells */ = {
			isa = PBXGroup;
			children = (
				964F322C283FF53100620120 /* Filter */,
				964F322F283FF59100620120 /* Recipe */,
			);
			name = Cells;
			sourceTree = "<group>";
		};
		964F322F283FF59100620120 /* Recipe */ = {
			isa = PBXGroup;
			children = (
				964F3235283FF60800620120 /* RecipeTableViewCell.swift */,
				964F3236283FF60800620120 /* RecipeTableViewCell.xib */,
			);
			name = Recipe;
			sourceTree = "<group>";
		};
		9657F59C2842589200844C67 /* Delegete */ = {
			isa = PBXGroup;
			children = (
				9657F59D284258C500844C67 /* SearchHistoryDelegate.swift */,
			);
			path = Delegete;
			sourceTree = "<group>";
		};
		9658E56B283FD4CB0028E15C = {
			isa = PBXGroup;
			children = (
				9658E576283FD4CB0028E15C /* RecipeSearch */,
				961D30D02843FB58002C10CC /* RecipeSearchTests */,
				965AD2BF2844EBB6009869CB /* RecipeSearchUITests */,
				9658E575283FD4CB0028E15C /* Products */,
				05F463120B8B2E5EF067B29F /* Pods */,
				87F471A2027DAEBA7C96E8EE /* Frameworks */,
			);
			sourceTree = "<group>";
		};
		9658E575283FD4CB0028E15C /* Products */ = {
			isa = PBXGroup;
			children = (
				9658E574283FD4CB0028E15C /* RecipeSearch.app */,
				961D30CF2843FB58002C10CC /* RecipeSearchTests.xctest */,
				965AD2BE2844EBB6009869CB /* RecipeSearchUITests.xctest */,
			);
			name = Products;
			sourceTree = "<group>";
		};
		9658E576283FD4CB0028E15C /* RecipeSearch */ = {
			isa = PBXGroup;
			children = (
				968C60AF283FD9210055B426 /* Application */,
				968C60B4283FD93A0055B426 /* Resources */,
				968C60B5283FD9450055B426 /* Configuration */,
				9657F59C2842589200844C67 /* Delegete */,
				965EDE61284008B500D33405 /* Extension */,
				96DA77562843C83100DD5B5B /* Enumeration */,
				96C414A72840334A0073BB8F /* Network */,
				968C60B1283FD92E0055B426 /* Screens */,
			);
			path = RecipeSearch;
			sourceTree = "<group>";
		};
		965AD2BF2844EBB6009869CB /* RecipeSearchUITests */ = {
			isa = PBXGroup;
			children = (
				965AD2C02844EBB6009869CB /* RecipeSearchUITests.swift */,
				965AD2C22844EBB6009869CB /* Info.plist */,
			);
			path = RecipeSearchUITests;
			sourceTree = "<group>";
		};
		965EDE61284008B500D33405 /* Extension */ = {
			isa = PBXGroup;
			children = (
				965EDE62284008D800D33405 /* UIViewController+Extension.swift */,
				964BE07528416ED3007867B4 /* String + Extension.swift */,
			);
			path = Extension;
			sourceTree = "<group>";
		};
		966CC62B2842611000B2A662 /* Recipe Details */ = {
			isa = PBXGroup;
			children = (
				966CC6312842614500B2A662 /* View */,
				966CC62F2842613D00B2A662 /* Preseneter */,
				966CC62D2842612D00B2A662 /* Router */,
				966CC62C2842612900B2A662 /* Protocol */,
			);
			path = "Recipe Details";
			sourceTree = "<group>";
		};
		966CC62C2842612900B2A662 /* Protocol */ = {
			isa = PBXGroup;
			children = (
				966CC634284261DF00B2A662 /* RecipeDetailsProtocol.swift */,
			);
			path = Protocol;
			sourceTree = "<group>";
		};
		966CC62D2842612D00B2A662 /* Router */ = {
			isa = PBXGroup;
			children = (
				966CC63D2842630500B2A662 /* RecipeDetailsRouter.swift */,
			);
			path = Router;
			sourceTree = "<group>";
		};
		966CC62F2842613D00B2A662 /* Preseneter */ = {
			isa = PBXGroup;
			children = (
				966CC63A284262BA00B2A662 /* RecipeDetailsPresenter.swift */,
			);
			path = Preseneter;
			sourceTree = "<group>";
		};
		966CC6312842614500B2A662 /* View */ = {
			isa = PBXGroup;
			children = (
				966CC633284261A600B2A662 /* View */,
				966CC632284261A200B2A662 /* Controller */,
			);
			path = View;
			sourceTree = "<group>";
		};
		966CC632284261A200B2A662 /* Controller */ = {
			isa = PBXGroup;
			children = (
				966CC6432842635D00B2A662 /* RecipeDetailsViewController.swift */,
				96C1E08A28429BCC00166414 /* RecipeDetailsViewController + RecipeIngredientsTableView.swift */,
			);
			path = Controller;
			sourceTree = "<group>";
		};
		966CC633284261A600B2A662 /* View */ = {
			isa = PBXGroup;
			children = (
				966CC6402842633700B2A662 /* RecipeDetailsStoryboard.storyboard */,
			);
			path = View;
			sourceTree = "<group>";
		};
		968C60AF283FD9210055B426 /* Application */ = {
			isa = PBXGroup;
			children = (
				9658E577283FD4CB0028E15C /* AppDelegate.swift */,
				9658E579283FD4CB0028E15C /* SceneDelegate.swift */,
			);
			path = Application;
			sourceTree = "<group>";
		};
		968C60B1283FD92E0055B426 /* Screens */ = {
			isa = PBXGroup;
			children = (
				968C60BF283FE0A50055B426 /* Recipe Search */,
				96C414AB28403D190073BB8F /* Search History */,
				966CC62B2842611000B2A662 /* Recipe Details */,
			);
			path = Screens;
			sourceTree = "<group>";
		};
		968C60B4283FD93A0055B426 /* Resources */ = {
			isa = PBXGroup;
			children = (
				9658E580283FD4CD0028E15C /* Assets.xcassets */,
				9658E582283FD4CD0028E15C /* LaunchScreen.storyboard */,
			);
			path = Resources;
			sourceTree = "<group>";
		};
		968C60B5283FD9450055B426 /* Configuration */ = {
			isa = PBXGroup;
			children = (
				9658E585283FD4CD0028E15C /* Info.plist */,
			);
			path = Configuration;
			sourceTree = "<group>";
		};
		968C60BF283FE0A50055B426 /* Recipe Search */ = {
			isa = PBXGroup;
			children = (
				968C60C6283FE0D30055B426 /* View */,
				968C60C5283FE0D00055B426 /* Interactor */,
				968C60C4283FE0CB0055B426 /* Presenter */,
				968C60C3283FE0C60055B426 /* Entity */,
				968C60C2283FE0BB0055B426 /* Router */,
				968C60CD283FE33D0055B426 /* Protocol */,
				96E1410C28410BA800F07D08 /* Worker */,
			);
			path = "Recipe Search";
			sourceTree = "<group>";
		};
		968C60C2283FE0BB0055B426 /* Router */ = {
			isa = PBXGroup;
			children = (
				964F3249283FFCEF00620120 /* RecipeSearchRouter.swift */,
			);
			path = Router;
			sourceTree = "<group>";
		};
		968C60C3283FE0C60055B426 /* Entity */ = {
			isa = PBXGroup;
			children = (
				968C60C9283FE1D90055B426 /* Recipe.swift */,
			);
			path = Entity;
			sourceTree = "<group>";
		};
		968C60C4283FE0CB0055B426 /* Presenter */ = {
			isa = PBXGroup;
			children = (
				964F3246283FFCB300620120 /* RecipeSearchPresenter.swift */,
			);
			path = Presenter;
			sourceTree = "<group>";
		};
		968C60C5283FE0D00055B426 /* Interactor */ = {
			isa = PBXGroup;
			children = (
				964F3243283FFC9800620120 /* RecipeSearchInteractor.swift */,
			);
			path = Interactor;
			sourceTree = "<group>";
		};
		968C60C6283FE0D30055B426 /* View */ = {
			isa = PBXGroup;
			children = (
				968C60C8283FE13D0055B426 /* Controller */,
				968C60C7283FE1320055B426 /* View */,
			);
			path = View;
			sourceTree = "<group>";
		};
		968C60C7283FE1320055B426 /* View */ = {
			isa = PBXGroup;
			children = (
				964F322D283FF55B00620120 /* Cells */,
				9658E57D283FD4CB0028E15C /* RecipeSearchStoryboard.storyboard */,
			);
			path = View;
			sourceTree = "<group>";
		};
		968C60C8283FE13D0055B426 /* Controller */ = {
			isa = PBXGroup;
			children = (
				9658E57B283FD4CB0028E15C /* RecipeSearchViewController.swift */,
				964F3240283FFAB800620120 /* RecipeSearchViewController + FilterCollectionView.swift */,
				96C414A3284030350073BB8F /* RecipeSearchViewController + RecipesTableView.swift */,
				96C414AD284047610073BB8F /* RecipeSearchViewController + SearchControllerDelegates.swift */,
			);
			path = Controller;
			sourceTree = "<group>";
		};
		968C60CD283FE33D0055B426 /* Protocol */ = {
			isa = PBXGroup;
			children = (
				968C60D0283FE4270055B426 /* RecipeSearchProtocols.swift */,
			);
			path = Protocol;
			sourceTree = "<group>";
		};
		96C414A72840334A0073BB8F /* Network */ = {
			isa = PBXGroup;
			children = (
				96C414A8284035010073BB8F /* NetworkService.swift */,
			);
			path = Network;
			sourceTree = "<group>";
		};
		96C414AB28403D190073BB8F /* Search History */ = {
			isa = PBXGroup;
			children = (
				96C414B5284048B70073BB8F /* View */,
				96C414B4284048A80073BB8F /* Interactor */,
				96C414B3284048A50073BB8F /* Presenter */,
				96C414B1284048980073BB8F /* Router */,
				96C414B0284048940073BB8F /* Protocol */,
			);
			path = "Search History";
			sourceTree = "<group>";
		};
		96C414B0284048940073BB8F /* Protocol */ = {
			isa = PBXGroup;
			children = (
				96C414B72840490A0073BB8F /* SearchHistoryProtocols.swift */,
			);
			path = Protocol;
			sourceTree = "<group>";
		};
		96C414B1284048980073BB8F /* Router */ = {
			isa = PBXGroup;
			children = (
				96C414CF28404C010073BB8F /* SearchHistoryRouter.swift */,
			);
			path = Router;
			sourceTree = "<group>";
		};
		96C414B3284048A50073BB8F /* Presenter */ = {
			isa = PBXGroup;
			children = (
				96C414CC28404BF20073BB8F /* SearchHistoryPresenter.swift */,
			);
			path = Presenter;
			sourceTree = "<group>";
		};
		96C414B4284048A80073BB8F /* Interactor */ = {
			isa = PBXGroup;
			children = (
				96C414C928404BE40073BB8F /* SearchHistoryInteractor.swift */,
			);
			path = Interactor;
			sourceTree = "<group>";
		};
		96C414B5284048B70073BB8F /* View */ = {
			isa = PBXGroup;
			children = (
				96C414BB284049870073BB8F /* View */,
				96C414BA2840497F0073BB8F /* Controller */,
			);
			path = View;
			sourceTree = "<group>";
		};
		96C414BA2840497F0073BB8F /* Controller */ = {
			isa = PBXGroup;
			children = (
				96C414C628404BA30073BB8F /* SearchHistoryTableViewController.swift */,
			);
			path = Controller;
			sourceTree = "<group>";
		};
		96C414BB284049870073BB8F /* View */ = {
			isa = PBXGroup;
			children = (
				96C414BF28404B4F0073BB8F /* Cell */,
				96C414BC28404B360073BB8F /* SearchHistoryStoryboard.storyboard */,
			);
			path = View;
			sourceTree = "<group>";
		};
		96C414BF28404B4F0073BB8F /* Cell */ = {
			isa = PBXGroup;
			children = (
				96C414C028404B7F0073BB8F /* SearchHistoryTableViewCell.swift */,
				96C414C128404B7F0073BB8F /* SearchHistoryTableViewCell.xib */,
			);
			path = Cell;
			sourceTree = "<group>";
		};
		96DA77562843C83100DD5B5B /* Enumeration */ = {
			isa = PBXGroup;
			children = (
				96DA77572843C84400DD5B5B /* API.swift */,
				96DA775A2843C84B00DD5B5B /* Constant.swift */,
				96DA775D2843C85300DD5B5B /* Filter.swift */,
			);
			path = Enumeration;
			sourceTree = "<group>";
		};
		96E1410C28410BA800F07D08 /* Worker */ = {
			isa = PBXGroup;
			children = (
				96E1410D28410BCB00F07D08 /* RecipeSearchWorker.swift */,
			);
			path = Worker;
			sourceTree = "<group>";
		};
/* End PBXGroup section */

/* Begin PBXNativeTarget section */
		961D30CE2843FB58002C10CC /* RecipeSearchTests */ = {
			isa = PBXNativeTarget;
			buildConfigurationList = 961D30D82843FB58002C10CC /* Build configuration list for PBXNativeTarget "RecipeSearchTests" */;
			buildPhases = (
				961D30CB2843FB58002C10CC /* Sources */,
				961D30CC2843FB58002C10CC /* Frameworks */,
				961D30CD2843FB58002C10CC /* Resources */,
			);
			buildRules = (
			);
			dependencies = (
				961D30D52843FB58002C10CC /* PBXTargetDependency */,
			);
			name = RecipeSearchTests;
			productName = RecipeSearchTests;
			productReference = 961D30CF2843FB58002C10CC /* RecipeSearchTests.xctest */;
			productType = "com.apple.product-type.bundle.unit-test";
		};
		9658E573283FD4CB0028E15C /* RecipeSearch */ = {
			isa = PBXNativeTarget;
			buildConfigurationList = 9658E588283FD4CD0028E15C /* Build configuration list for PBXNativeTarget "RecipeSearch" */;
			buildPhases = (
				3C50C9EEBE1F189CB7862034 /* [CP] Check Pods Manifest.lock */,
				9658E570283FD4CB0028E15C /* Sources */,
				9658E571283FD4CB0028E15C /* Frameworks */,
				9658E572283FD4CB0028E15C /* Resources */,
				4AF5B60FE08E90C18E543453 /* [CP] Embed Pods Frameworks */,
			);
			buildRules = (
			);
			dependencies = (
			);
			name = RecipeSearch;
			productName = RecipeSearch;
			productReference = 9658E574283FD4CB0028E15C /* RecipeSearch.app */;
			productType = "com.apple.product-type.application";
		};
		965AD2BD2844EBB6009869CB /* RecipeSearchUITests */ = {
			isa = PBXNativeTarget;
			buildConfigurationList = 965AD2C72844EBB6009869CB /* Build configuration list for PBXNativeTarget "RecipeSearchUITests" */;
			buildPhases = (
				965AD2BA2844EBB6009869CB /* Sources */,
				965AD2BB2844EBB6009869CB /* Frameworks */,
				965AD2BC2844EBB6009869CB /* Resources */,
			);
			buildRules = (
			);
			dependencies = (
				965AD2C42844EBB6009869CB /* PBXTargetDependency */,
			);
			name = RecipeSearchUITests;
			productName = RecipeSearchUITests;
			productReference = 965AD2BE2844EBB6009869CB /* RecipeSearchUITests.xctest */;
			productType = "com.apple.product-type.bundle.ui-testing";
		};
/* End PBXNativeTarget section */

/* Begin PBXProject section */
		9658E56C283FD4CB0028E15C /* Project object */ = {
			isa = PBXProject;
			attributes = {
				LastSwiftUpdateCheck = 1240;
				LastUpgradeCheck = 1240;
				TargetAttributes = {
					961D30CE2843FB58002C10CC = {
						CreatedOnToolsVersion = 12.4;
						TestTargetID = 9658E573283FD4CB0028E15C;
					};
					9658E573283FD4CB0028E15C = {
						CreatedOnToolsVersion = 12.4;
					};
					965AD2BD2844EBB6009869CB = {
						CreatedOnToolsVersion = 12.4;
						TestTargetID = 9658E573283FD4CB0028E15C;
					};
				};
			};
			buildConfigurationList = 9658E56F283FD4CB0028E15C /* Build configuration list for PBXProject "RecipeSearch" */;
			compatibilityVersion = "Xcode 9.3";
			developmentRegion = en;
			hasScannedForEncodings = 0;
			knownRegions = (
				en,
				Base,
			);
			mainGroup = 9658E56B283FD4CB0028E15C;
			productRefGroup = 9658E575283FD4CB0028E15C /* Products */;
			projectDirPath = "";
			projectRoot = "";
			targets = (
				9658E573283FD4CB0028E15C /* RecipeSearch */,
				961D30CE2843FB58002C10CC /* RecipeSearchTests */,
				965AD2BD2844EBB6009869CB /* RecipeSearchUITests */,
			);
		};
/* End PBXProject section */

/* Begin PBXResourcesBuildPhase section */
		961D30CD2843FB58002C10CC /* Resources */ = {
			isa = PBXResourcesBuildPhase;
			buildActionMask = 2147483647;
			files = (
			);
			runOnlyForDeploymentPostprocessing = 0;
		};
		9658E572283FD4CB0028E15C /* Resources */ = {
			isa = PBXResourcesBuildPhase;
			buildActionMask = 2147483647;
			files = (
				966CC6412842633700B2A662 /* RecipeDetailsStoryboard.storyboard in Resources */,
				96C414BD28404B360073BB8F /* SearchHistoryStoryboard.storyboard in Resources */,
				9658E584283FD4CD0028E15C /* LaunchScreen.storyboard in Resources */,
				964F323D283FF64000620120 /* FilterCollectionViewCell.xib in Resources */,
				9658E581283FD4CD0028E15C /* Assets.xcassets in Resources */,
				9658E57F283FD4CB0028E15C /* RecipeSearchStoryboard.storyboard in Resources */,
				96C414C328404B7F0073BB8F /* SearchHistoryTableViewCell.xib in Resources */,
				964F3238283FF60900620120 /* RecipeTableViewCell.xib in Resources */,
			);
			runOnlyForDeploymentPostprocessing = 0;
		};
		965AD2BC2844EBB6009869CB /* Resources */ = {
			isa = PBXResourcesBuildPhase;
			buildActionMask = 2147483647;
			files = (
			);
			runOnlyForDeploymentPostprocessing = 0;
		};
/* End PBXResourcesBuildPhase section */

/* Begin PBXShellScriptBuildPhase section */
		3C50C9EEBE1F189CB7862034 /* [CP] Check Pods Manifest.lock */ = {
			isa = PBXShellScriptBuildPhase;
			buildActionMask = 2147483647;
			files = (
			);
			inputPaths = (
				"${PODS_PODFILE_DIR_PATH}/Podfile.lock",
				"${PODS_ROOT}/Manifest.lock",
			);
			name = "[CP] Check Pods Manifest.lock";
			outputPaths = (
				"$(DERIVED_FILE_DIR)/Pods-RecipeSearch-checkManifestLockResult.txt",
			);
			runOnlyForDeploymentPostprocessing = 0;
			shellPath = /bin/sh;
			shellScript = "diff \"${PODS_PODFILE_DIR_PATH}/Podfile.lock\" \"${PODS_ROOT}/Manifest.lock\" > /dev/null\nif [ $? != 0 ] ; then\n    # print error to STDERR\n    echo \"error: The sandbox is not in sync with the Podfile.lock. Run 'pod install' or update your CocoaPods installation.\" >&2\n    exit 1\nfi\n# This output is used by Xcode 'outputs' to avoid re-running this script phase.\necho \"SUCCESS\" > \"${SCRIPT_OUTPUT_FILE_0}\"\n";
			showEnvVarsInLog = 0;
		};
		4AF5B60FE08E90C18E543453 /* [CP] Embed Pods Frameworks */ = {
			isa = PBXShellScriptBuildPhase;
			buildActionMask = 2147483647;
			files = (
			);
			inputPaths = (
				"${SRCROOT}/Pods/Target Support Files/Pods-RecipeSearch/Pods-RecipeSearch-frameworks.sh",
				"${BUILT_PRODUCTS_DIR}/Alamofire/Alamofire.framework",
				"${BUILT_PRODUCTS_DIR}/SDWebImage/SDWebImage.framework",
			);
			name = "[CP] Embed Pods Frameworks";
			outputPaths = (
				"${TARGET_BUILD_DIR}/${FRAMEWORKS_FOLDER_PATH}/Alamofire.framework",
				"${TARGET_BUILD_DIR}/${FRAMEWORKS_FOLDER_PATH}/SDWebImage.framework",
			);
			runOnlyForDeploymentPostprocessing = 0;
			shellPath = /bin/sh;
			shellScript = "\"${SRCROOT}/Pods/Target Support Files/Pods-RecipeSearch/Pods-RecipeSearch-frameworks.sh\"\n";
			showEnvVarsInLog = 0;
		};
/* End PBXShellScriptBuildPhase section */

/* Begin PBXSourcesBuildPhase section */
		961D30CB2843FB58002C10CC /* Sources */ = {
			isa = PBXSourcesBuildPhase;
			buildActionMask = 2147483647;
			files = (
				961D30DC2843FBF4002C10CC /* SearchHistoryInteractorTests.swift in Sources */,
				961D30D22843FB58002C10CC /* RecipeSearchPresenterTests.swift in Sources */,
			);
			runOnlyForDeploymentPostprocessing = 0;
		};
		9658E570283FD4CB0028E15C /* Sources */ = {
			isa = PBXSourcesBuildPhase;
			buildActionMask = 2147483647;
			files = (
				96C414C728404BA30073BB8F /* SearchHistoryTableViewController.swift in Sources */,
				965EDE63284008D800D33405 /* UIViewController+Extension.swift in Sources */,
				964F3247283FFCB300620120 /* RecipeSearchPresenter.swift in Sources */,
				96C414CD28404BF20073BB8F /* SearchHistoryPresenter.swift in Sources */,
				964F3244283FFC9800620120 /* RecipeSearchInteractor.swift in Sources */,
				9657F59E284258C500844C67 /* SearchHistoryDelegate.swift in Sources */,
				9658E57C283FD4CB0028E15C /* RecipeSearchViewController.swift in Sources */,
				968C60D1283FE4270055B426 /* RecipeSearchProtocols.swift in Sources */,
				96C1E08B28429BCC00166414 /* RecipeDetailsViewController + RecipeIngredientsTableView.swift in Sources */,
				96C414AE284047610073BB8F /* RecipeSearchViewController + SearchControllerDelegates.swift in Sources */,
				9658E578283FD4CB0028E15C /* AppDelegate.swift in Sources */,
				966CC6442842635D00B2A662 /* RecipeDetailsViewController.swift in Sources */,
				96DA775E2843C85300DD5B5B /* Filter.swift in Sources */,
				964F3237283FF60900620120 /* RecipeTableViewCell.swift in Sources */,
				964BE07628416ED3007867B4 /* String + Extension.swift in Sources */,
				96C414A4284030350073BB8F /* RecipeSearchViewController + RecipesTableView.swift in Sources */,
				966CC63E2842630500B2A662 /* RecipeDetailsRouter.swift in Sources */,
				96C414A9284035010073BB8F /* NetworkService.swift in Sources */,
				9658E57A283FD4CB0028E15C /* SceneDelegate.swift in Sources */,
				96DA775B2843C84B00DD5B5B /* Constant.swift in Sources */,
				964F323C283FF64000620120 /* FilterCollectionViewCell.swift in Sources */,
				966CC63B284262BA00B2A662 /* RecipeDetailsPresenter.swift in Sources */,
				966CC635284261DF00B2A662 /* RecipeDetailsProtocol.swift in Sources */,
				968C60CA283FE1D90055B426 /* Recipe.swift in Sources */,
				96DA77582843C84400DD5B5B /* API.swift in Sources */,
				96C414C228404B7F0073BB8F /* SearchHistoryTableViewCell.swift in Sources */,
				96C414D028404C010073BB8F /* SearchHistoryRouter.swift in Sources */,
				96E1410E28410BCB00F07D08 /* RecipeSearchWorker.swift in Sources */,
				96C414CA28404BE40073BB8F /* SearchHistoryInteractor.swift in Sources */,
				964F324A283FFCEF00620120 /* RecipeSearchRouter.swift in Sources */,
				96C414B82840490A0073BB8F /* SearchHistoryProtocols.swift in Sources */,
				964F3241283FFAB800620120 /* RecipeSearchViewController + FilterCollectionView.swift in Sources */,
			);
			runOnlyForDeploymentPostprocessing = 0;
		};
		965AD2BA2844EBB6009869CB /* Sources */ = {
			isa = PBXSourcesBuildPhase;
			buildActionMask = 2147483647;
			files = (
				965AD2C12844EBB6009869CB /* RecipeSearchUITests.swift in Sources */,
			);
			runOnlyForDeploymentPostprocessing = 0;
		};
/* End PBXSourcesBuildPhase section */

/* Begin PBXTargetDependency section */
		961D30D52843FB58002C10CC /* PBXTargetDependency */ = {
			isa = PBXTargetDependency;
			target = 9658E573283FD4CB0028E15C /* RecipeSearch */;
			targetProxy = 961D30D42843FB58002C10CC /* PBXContainerItemProxy */;
		};
		965AD2C42844EBB6009869CB /* PBXTargetDependency */ = {
			isa = PBXTargetDependency;
			target = 9658E573283FD4CB0028E15C /* RecipeSearch */;
			targetProxy = 965AD2C32844EBB6009869CB /* PBXContainerItemProxy */;
		};
/* End PBXTargetDependency section */

/* Begin PBXVariantGroup section */
		9658E57D283FD4CB0028E15C /* RecipeSearchStoryboard.storyboard */ = {
			isa = PBXVariantGroup;
			children = (
				9658E57E283FD4CB0028E15C /* Base */,
			);
			name = RecipeSearchStoryboard.storyboard;
			sourceTree = "<group>";
		};
		9658E582283FD4CD0028E15C /* LaunchScreen.storyboard */ = {
			isa = PBXVariantGroup;
			children = (
				9658E583283FD4CD0028E15C /* Base */,
			);
			name = LaunchScreen.storyboard;
			sourceTree = "<group>";
		};
/* End PBXVariantGroup section */

/* Begin XCBuildConfiguration section */
		961D30D62843FB58002C10CC /* Debug */ = {
			isa = XCBuildConfiguration;
			buildSettings = {
				BUNDLE_LOADER = "$(TEST_HOST)";
				CODE_SIGN_STYLE = Automatic;
				INFOPLIST_FILE = RecipeSearchTests/Info.plist;
				IPHONEOS_DEPLOYMENT_TARGET = 14.4;
				LD_RUNPATH_SEARCH_PATHS = (
					"$(inherited)",
					"@executable_path/Frameworks",
					"@loader_path/Frameworks",
				);
				PRODUCT_BUNDLE_IDENTIFIER = task.RecipeSearchTests;
				PRODUCT_NAME = "$(TARGET_NAME)";
				SWIFT_VERSION = 5.0;
				TARGETED_DEVICE_FAMILY = "1,2";
				TEST_HOST = "$(BUILT_PRODUCTS_DIR)/RecipeSearch.app/RecipeSearch";
			};
			name = Debug;
		};
		961D30D72843FB58002C10CC /* Release */ = {
			isa = XCBuildConfiguration;
			buildSettings = {
				BUNDLE_LOADER = "$(TEST_HOST)";
				CODE_SIGN_STYLE = Automatic;
				INFOPLIST_FILE = RecipeSearchTests/Info.plist;
				IPHONEOS_DEPLOYMENT_TARGET = 14.4;
				LD_RUNPATH_SEARCH_PATHS = (
					"$(inherited)",
					"@executable_path/Frameworks",
					"@loader_path/Frameworks",
				);
				PRODUCT_BUNDLE_IDENTIFIER = task.RecipeSearchTests;
				PRODUCT_NAME = "$(TARGET_NAME)";
				SWIFT_VERSION = 5.0;
				TARGETED_DEVICE_FAMILY = "1,2";
				TEST_HOST = "$(BUILT_PRODUCTS_DIR)/RecipeSearch.app/RecipeSearch";
			};
			name = Release;
		};
		9658E586283FD4CD0028E15C /* Debug */ = {
			isa = XCBuildConfiguration;
			buildSettings = {
				ALWAYS_SEARCH_USER_PATHS = NO;
				CLANG_ANALYZER_NONNULL = YES;
				CLANG_ANALYZER_NUMBER_OBJECT_CONVERSION = YES_AGGRESSIVE;
				CLANG_CXX_LANGUAGE_STANDARD = "gnu++14";
				CLANG_CXX_LIBRARY = "libc++";
				CLANG_ENABLE_MODULES = YES;
				CLANG_ENABLE_OBJC_ARC = YES;
				CLANG_ENABLE_OBJC_WEAK = YES;
				CLANG_WARN_BLOCK_CAPTURE_AUTORELEASING = YES;
				CLANG_WARN_BOOL_CONVERSION = YES;
				CLANG_WARN_COMMA = YES;
				CLANG_WARN_CONSTANT_CONVERSION = YES;
				CLANG_WARN_DEPRECATED_OBJC_IMPLEMENTATIONS = YES;
				CLANG_WARN_DIRECT_OBJC_ISA_USAGE = YES_ERROR;
				CLANG_WARN_DOCUMENTATION_COMMENTS = YES;
				CLANG_WARN_EMPTY_BODY = YES;
				CLANG_WARN_ENUM_CONVERSION = YES;
				CLANG_WARN_INFINITE_RECURSION = YES;
				CLANG_WARN_INT_CONVERSION = YES;
				CLANG_WARN_NON_LITERAL_NULL_CONVERSION = YES;
				CLANG_WARN_OBJC_IMPLICIT_RETAIN_SELF = YES;
				CLANG_WARN_OBJC_LITERAL_CONVERSION = YES;
				CLANG_WARN_OBJC_ROOT_CLASS = YES_ERROR;
				CLANG_WARN_QUOTED_INCLUDE_IN_FRAMEWORK_HEADER = YES;
				CLANG_WARN_RANGE_LOOP_ANALYSIS = YES;
				CLANG_WARN_STRICT_PROTOTYPES = YES;
				CLANG_WARN_SUSPICIOUS_MOVE = YES;
				CLANG_WARN_UNGUARDED_AVAILABILITY = YES_AGGRESSIVE;
				CLANG_WARN_UNREACHABLE_CODE = YES;
				CLANG_WARN__DUPLICATE_METHOD_MATCH = YES;
				COPY_PHASE_STRIP = NO;
				DEBUG_INFORMATION_FORMAT = dwarf;
				ENABLE_STRICT_OBJC_MSGSEND = YES;
				ENABLE_TESTABILITY = YES;
				GCC_C_LANGUAGE_STANDARD = gnu11;
				GCC_DYNAMIC_NO_PIC = NO;
				GCC_NO_COMMON_BLOCKS = YES;
				GCC_OPTIMIZATION_LEVEL = 0;
				GCC_PREPROCESSOR_DEFINITIONS = (
					"DEBUG=1",
					"$(inherited)",
				);
				GCC_WARN_64_TO_32_BIT_CONVERSION = YES;
				GCC_WARN_ABOUT_RETURN_TYPE = YES_ERROR;
				GCC_WARN_UNDECLARED_SELECTOR = YES;
				GCC_WARN_UNINITIALIZED_AUTOS = YES_AGGRESSIVE;
				GCC_WARN_UNUSED_FUNCTION = YES;
				GCC_WARN_UNUSED_VARIABLE = YES;
				IPHONEOS_DEPLOYMENT_TARGET = 11.0;
				MTL_ENABLE_DEBUG_INFO = INCLUDE_SOURCE;
				MTL_FAST_MATH = YES;
				ONLY_ACTIVE_ARCH = YES;
				SDKROOT = iphoneos;
				SWIFT_ACTIVE_COMPILATION_CONDITIONS = DEBUG;
				SWIFT_OPTIMIZATION_LEVEL = "-Onone";
			};
			name = Debug;
		};
		9658E587283FD4CD0028E15C /* Release */ = {
			isa = XCBuildConfiguration;
			buildSettings = {
				ALWAYS_SEARCH_USER_PATHS = NO;
				CLANG_ANALYZER_NONNULL = YES;
				CLANG_ANALYZER_NUMBER_OBJECT_CONVERSION = YES_AGGRESSIVE;
				CLANG_CXX_LANGUAGE_STANDARD = "gnu++14";
				CLANG_CXX_LIBRARY = "libc++";
				CLANG_ENABLE_MODULES = YES;
				CLANG_ENABLE_OBJC_ARC = YES;
				CLANG_ENABLE_OBJC_WEAK = YES;
				CLANG_WARN_BLOCK_CAPTURE_AUTORELEASING = YES;
				CLANG_WARN_BOOL_CONVERSION = YES;
				CLANG_WARN_COMMA = YES;
				CLANG_WARN_CONSTANT_CONVERSION = YES;
				CLANG_WARN_DEPRECATED_OBJC_IMPLEMENTATIONS = YES;
				CLANG_WARN_DIRECT_OBJC_ISA_USAGE = YES_ERROR;
				CLANG_WARN_DOCUMENTATION_COMMENTS = YES;
				CLANG_WARN_EMPTY_BODY = YES;
				CLANG_WARN_ENUM_CONVERSION = YES;
				CLANG_WARN_INFINITE_RECURSION = YES;
				CLANG_WARN_INT_CONVERSION = YES;
				CLANG_WARN_NON_LITERAL_NULL_CONVERSION = YES;
				CLANG_WARN_OBJC_IMPLICIT_RETAIN_SELF = YES;
				CLANG_WARN_OBJC_LITERAL_CONVERSION = YES;
				CLANG_WARN_OBJC_ROOT_CLASS = YES_ERROR;
				CLANG_WARN_QUOTED_INCLUDE_IN_FRAMEWORK_HEADER = YES;
				CLANG_WARN_RANGE_LOOP_ANALYSIS = YES;
				CLANG_WARN_STRICT_PROTOTYPES = YES;
				CLANG_WARN_SUSPICIOUS_MOVE = YES;
				CLANG_WARN_UNGUARDED_AVAILABILITY = YES_AGGRESSIVE;
				CLANG_WARN_UNREACHABLE_CODE = YES;
				CLANG_WARN__DUPLICATE_METHOD_MATCH = YES;
				COPY_PHASE_STRIP = NO;
				DEBUG_INFORMATION_FORMAT = "dwarf-with-dsym";
				ENABLE_NS_ASSERTIONS = NO;
				ENABLE_STRICT_OBJC_MSGSEND = YES;
				GCC_C_LANGUAGE_STANDARD = gnu11;
				GCC_NO_COMMON_BLOCKS = YES;
				GCC_WARN_64_TO_32_BIT_CONVERSION = YES;
				GCC_WARN_ABOUT_RETURN_TYPE = YES_ERROR;
				GCC_WARN_UNDECLARED_SELECTOR = YES;
				GCC_WARN_UNINITIALIZED_AUTOS = YES_AGGRESSIVE;
				GCC_WARN_UNUSED_FUNCTION = YES;
				GCC_WARN_UNUSED_VARIABLE = YES;
				IPHONEOS_DEPLOYMENT_TARGET = 11.0;
				MTL_ENABLE_DEBUG_INFO = NO;
				MTL_FAST_MATH = YES;
				SDKROOT = iphoneos;
				SWIFT_COMPILATION_MODE = wholemodule;
				SWIFT_OPTIMIZATION_LEVEL = "-O";
				VALIDATE_PRODUCT = YES;
			};
			name = Release;
		};
		9658E589283FD4CD0028E15C /* Debug */ = {
			isa = XCBuildConfiguration;
			baseConfigurationReference = C5D0D1D725DB56B35BB684AB /* Pods-RecipeSearch.debug.xcconfig */;
			buildSettings = {
				ASSETCATALOG_COMPILER_APPICON_NAME = AppIcon;
				ASSETCATALOG_COMPILER_GLOBAL_ACCENT_COLOR_NAME = AccentColor;
				CODE_SIGN_STYLE = Automatic;
				DEVELOPMENT_TEAM = GZ93545KF8;
				INFOPLIST_FILE = RecipeSearch/Configuration/Info.plist;
				LD_RUNPATH_SEARCH_PATHS = (
					"$(inherited)",
					"@executable_path/Frameworks",
				);
				OTHER_CODE_SIGN_FLAGS = "--generate-entitlement-der";
				PRODUCT_BUNDLE_IDENTIFIER = task.RecipeSearch;
				PRODUCT_NAME = "$(TARGET_NAME)";
				SWIFT_VERSION = 5.0;
				TARGETED_DEVICE_FAMILY = "1,2";
			};
			name = Debug;
		};
		9658E58A283FD4CD0028E15C /* Release */ = {
			isa = XCBuildConfiguration;
			baseConfigurationReference = BC8916F7B9E8D67C6309A8E0 /* Pods-RecipeSearch.release.xcconfig */;
			buildSettings = {
				ASSETCATALOG_COMPILER_APPICON_NAME = AppIcon;
				ASSETCATALOG_COMPILER_GLOBAL_ACCENT_COLOR_NAME = AccentColor;
				CODE_SIGN_STYLE = Automatic;
				DEVELOPMENT_TEAM = GZ93545KF8;
				INFOPLIST_FILE = RecipeSearch/Configuration/Info.plist;
				LD_RUNPATH_SEARCH_PATHS = (
					"$(inherited)",
					"@executable_path/Frameworks",
				);
				OTHER_CODE_SIGN_FLAGS = "--generate-entitlement-der";
				PRODUCT_BUNDLE_IDENTIFIER = task.RecipeSearch;
				PRODUCT_NAME = "$(TARGET_NAME)";
				SWIFT_VERSION = 5.0;
				TARGETED_DEVICE_FAMILY = "1,2";
			};
			name = Release;
		};
		965AD2C52844EBB6009869CB /* Debug */ = {
			isa = XCBuildConfiguration;
			buildSettings = {
				CODE_SIGN_STYLE = Automatic;
				INFOPLIST_FILE = RecipeSearchUITests/Info.plist;
				IPHONEOS_DEPLOYMENT_TARGET = 14.4;
				LD_RUNPATH_SEARCH_PATHS = (
					"$(inherited)",
					"@executable_path/Frameworks",
					"@loader_path/Frameworks",
				);
				PRODUCT_BUNDLE_IDENTIFIER = task.RecipeSearchUITests;
				PRODUCT_NAME = "$(TARGET_NAME)";
				SWIFT_VERSION = 5.0;
				TARGETED_DEVICE_FAMILY = "1,2";
				TEST_TARGET_NAME = RecipeSearch;
			};
			name = Debug;
		};
		965AD2C62844EBB6009869CB /* Release */ = {
			isa = XCBuildConfiguration;
			buildSettings = {
				CODE_SIGN_STYLE = Automatic;
				INFOPLIST_FILE = RecipeSearchUITests/Info.plist;
				IPHONEOS_DEPLOYMENT_TARGET = 14.4;
				LD_RUNPATH_SEARCH_PATHS = (
					"$(inherited)",
					"@executable_path/Frameworks",
					"@loader_path/Frameworks",
				);
				PRODUCT_BUNDLE_IDENTIFIER = task.RecipeSearchUITests;
				PRODUCT_NAME = "$(TARGET_NAME)";
				SWIFT_VERSION = 5.0;
				TARGETED_DEVICE_FAMILY = "1,2";
				TEST_TARGET_NAME = RecipeSearch;
			};
			name = Release;
		};
/* End XCBuildConfiguration section */

/* Begin XCConfigurationList section */
		961D30D82843FB58002C10CC /* Build configuration list for PBXNativeTarget "RecipeSearchTests" */ = {
			isa = XCConfigurationList;
			buildConfigurations = (
				961D30D62843FB58002C10CC /* Debug */,
				961D30D72843FB58002C10CC /* Release */,
			);
			defaultConfigurationIsVisible = 0;
			defaultConfigurationName = Release;
		};
		9658E56F283FD4CB0028E15C /* Build configuration list for PBXProject "RecipeSearch" */ = {
			isa = XCConfigurationList;
			buildConfigurations = (
				9658E586283FD4CD0028E15C /* Debug */,
				9658E587283FD4CD0028E15C /* Release */,
			);
			defaultConfigurationIsVisible = 0;
			defaultConfigurationName = Release;
		};
		9658E588283FD4CD0028E15C /* Build configuration list for PBXNativeTarget "RecipeSearch" */ = {
			isa = XCConfigurationList;
			buildConfigurations = (
				9658E589283FD4CD0028E15C /* Debug */,
				9658E58A283FD4CD0028E15C /* Release */,
			);
			defaultConfigurationIsVisible = 0;
			defaultConfigurationName = Release;
		};
		965AD2C72844EBB6009869CB /* Build configuration list for PBXNativeTarget "RecipeSearchUITests" */ = {
			isa = XCConfigurationList;
			buildConfigurations = (
				965AD2C52844EBB6009869CB /* Debug */,
				965AD2C62844EBB6009869CB /* Release */,
			);
			defaultConfigurationIsVisible = 0;
			defaultConfigurationName = Release;
		};
/* End XCConfigurationList section */
	};
	rootObject = 9658E56C283FD4CB0028E15C /* Project object */;
}
